// !$*UTF8*$!
{
	archiveVersion = 1;
	classes = {
	};
	objectVersion = 56;
	objects = {

/* Begin PBXBuildFile section */
		D0B559102BC560AE00B1DD4D /* sample_appApp.swift in Sources */ = {isa = PBXBuildFile; fileRef = D0B5590F2BC560AE00B1DD4D /* sample_appApp.swift */; };
		D0B559122BC560AE00B1DD4D /* ContentView.swift in Sources */ = {isa = PBXBuildFile; fileRef = D0B559112BC560AE00B1DD4D /* ContentView.swift */; };
		D0B559142BC560AF00B1DD4D /* Assets.xcassets in Resources */ = {isa = PBXBuildFile; fileRef = D0B559132BC560AF00B1DD4D /* Assets.xcassets */; };
		D0B559172BC560AF00B1DD4D /* Preview Assets.xcassets in Resources */ = {isa = PBXBuildFile; fileRef = D0B559162BC560AF00B1DD4D /* Preview Assets.xcassets */; };
		D0B559212BC560AF00B1DD4D /* sample_appTests.swift in Sources */ = {isa = PBXBuildFile; fileRef = D0B559202BC560AF00B1DD4D /* sample_appTests.swift */; };
		D0B5592B2BC560AF00B1DD4D /* sample_appUITests.swift in Sources */ = {isa = PBXBuildFile; fileRef = D0B5592A2BC560AF00B1DD4D /* sample_appUITests.swift */; };
		D0B5592D2BC560AF00B1DD4D /* sample_appUITestsLaunchTests.swift in Sources */ = {isa = PBXBuildFile; fileRef = D0B5592C2BC560AF00B1DD4D /* sample_appUITestsLaunchTests.swift */; };
/* End PBXBuildFile section */

/* Begin PBXContainerItemProxy section */
		D0B5591D2BC560AF00B1DD4D /* PBXContainerItemProxy */ = {
			isa = PBXContainerItemProxy;
			containerPortal = D0B559042BC560AE00B1DD4D /* Project object */;
			proxyType = 1;
			remoteGlobalIDString = D0B5590B2BC560AE00B1DD4D;
			remoteInfo = sample_app;
		};
		D0B559272BC560AF00B1DD4D /* PBXContainerItemProxy */ = {
			isa = PBXContainerItemProxy;
			containerPortal = D0B559042BC560AE00B1DD4D /* Project object */;
			proxyType = 1;
			remoteGlobalIDString = D0B5590B2BC560AE00B1DD4D;
			remoteInfo = sample_app;
		};
/* End PBXContainerItemProxy section */

/* Begin PBXFileReference section */
		D0B5590C2BC560AE00B1DD4D /* sample_app.app */ = {isa = PBXFileReference; explicitFileType = wrapper.application; includeInIndex = 0; path = sample_app.app; sourceTree = BUILT_PRODUCTS_DIR; };
		D0B5590F2BC560AE00B1DD4D /* sample_appApp.swift */ = {isa = PBXFileReference; lastKnownFileType = sourcecode.swift; path = sample_appApp.swift; sourceTree = "<group>"; };
		D0B559112BC560AE00B1DD4D /* ContentView.swift */ = {isa = PBXFileReference; lastKnownFileType = sourcecode.swift; path = ContentView.swift; sourceTree = "<group>"; };
		D0B559132BC560AF00B1DD4D /* Assets.xcassets */ = {isa = PBXFileReference; lastKnownFileType = folder.assetcatalog; path = Assets.xcassets; sourceTree = "<group>"; };
		D0B559162BC560AF00B1DD4D /* Preview Assets.xcassets */ = {isa = PBXFileReference; lastKnownFileType = folder.assetcatalog; path = "Preview Assets.xcassets"; sourceTree = "<group>"; };
		D0B5591C2BC560AF00B1DD4D /* sample_appTests.xctest */ = {isa = PBXFileReference; explicitFileType = wrapper.cfbundle; includeInIndex = 0; path = sample_appTests.xctest; sourceTree = BUILT_PRODUCTS_DIR; };
		D0B559202BC560AF00B1DD4D /* sample_appTests.swift */ = {isa = PBXFileReference; lastKnownFileType = sourcecode.swift; path = sample_appTests.swift; sourceTree = "<group>"; };
		D0B559262BC560AF00B1DD4D /* sample_appUITests.xctest */ = {isa = PBXFileReference; explicitFileType = wrapper.cfbundle; includeInIndex = 0; path = sample_appUITests.xctest; sourceTree = BUILT_PRODUCTS_DIR; };
		D0B5592A2BC560AF00B1DD4D /* sample_appUITests.swift */ = {isa = PBXFileReference; lastKnownFileType = sourcecode.swift; path = sample_appUITests.swift; sourceTree = "<group>"; };
		D0B5592C2BC560AF00B1DD4D /* sample_appUITestsLaunchTests.swift */ = {isa = PBXFileReference; lastKnownFileType = sourcecode.swift; path = sample_appUITestsLaunchTests.swift; sourceTree = "<group>"; };
/* End PBXFileReference section */

/* Begin PBXFrameworksBuildPhase section */
		D0B559092BC560AE00B1DD4D /* Frameworks */ = {
			isa = PBXFrameworksBuildPhase;
			buildActionMask = 2147483647;
			files = (
			);
			runOnlyForDeploymentPostprocessing = 0;
		};
		D0B559192BC560AF00B1DD4D /* Frameworks */ = {
			isa = PBXFrameworksBuildPhase;
			buildActionMask = 2147483647;
			files = (
			);
			runOnlyForDeploymentPostprocessing = 0;
		};
		D0B559232BC560AF00B1DD4D /* Frameworks */ = {
			isa = PBXFrameworksBuildPhase;
			buildActionMask = 2147483647;
			files = (
			);
			runOnlyForDeploymentPostprocessing = 0;
		};
/* End PBXFrameworksBuildPhase section */

/* Begin PBXGroup section */
		D0B559032BC560AE00B1DD4D = {
			isa = PBXGroup;
			children = (
				D0B5590E2BC560AE00B1DD4D /* sample_app */,
				D0B5591F2BC560AF00B1DD4D /* sample_appTests */,
				D0B559292BC560AF00B1DD4D /* sample_appUITests */,
				D0B5590D2BC560AE00B1DD4D /* Products */,
			);
			sourceTree = "<group>";
		};
		D0B5590D2BC560AE00B1DD4D /* Products */ = {
			isa = PBXGroup;
			children = (
				D0B5590C2BC560AE00B1DD4D /* sample_app.app */,
				D0B5591C2BC560AF00B1DD4D /* sample_appTests.xctest */,
				D0B559262BC560AF00B1DD4D /* sample_appUITests.xctest */,
			);
			name = Products;
			sourceTree = "<group>";
		};
		D0B5590E2BC560AE00B1DD4D /* sample_app */ = {
			isa = PBXGroup;
			children = (
				D0B5590F2BC560AE00B1DD4D /* sample_appApp.swift */,
				D0B559112BC560AE00B1DD4D /* ContentView.swift */,
				D0B559132BC560AF00B1DD4D /* Assets.xcassets */,
				D0B559152BC560AF00B1DD4D /* Preview Content */,
			);
			path = sample_app;
			sourceTree = "<group>";
		};
		D0B559152BC560AF00B1DD4D /* Preview Content */ = {
			isa = PBXGroup;
			children = (
				D0B559162BC560AF00B1DD4D /* Preview Assets.xcassets */,
			);
			path = "Preview Content";
			sourceTree = "<group>";
		};
		D0B5591F2BC560AF00B1DD4D /* sample_appTests */ = {
			isa = PBXGroup;
			children = (
				D0B559202BC560AF00B1DD4D /* sample_appTests.swift */,
			);
			path = sample_appTests;
			sourceTree = "<group>";
		};
		D0B559292BC560AF00B1DD4D /* sample_appUITests */ = {
			isa = PBXGroup;
			children = (
				D0B5592A2BC560AF00B1DD4D /* sample_appUITests.swift */,
				D0B5592C2BC560AF00B1DD4D /* sample_appUITestsLaunchTests.swift */,
			);
			path = sample_appUITests;
			sourceTree = "<group>";
		};
/* End PBXGroup section */

/* Begin PBXNativeTarget section */
		D0B5590B2BC560AE00B1DD4D /* sample_app */ = {
			isa = PBXNativeTarget;
			buildConfigurationList = D0B559302BC560AF00B1DD4D /* Build configuration list for PBXNativeTarget "sample_app" */;
			buildPhases = (
				D0B559082BC560AE00B1DD4D /* Sources */,
				D0B559092BC560AE00B1DD4D /* Frameworks */,
				D0B5590A2BC560AE00B1DD4D /* Resources */,
			);
			buildRules = (
			);
			dependencies = (
			);
			name = sample_app;
			productName = sample_app;
			productReference = D0B5590C2BC560AE00B1DD4D /* sample_app.app */;
			productType = "com.apple.product-type.application";
		};
		D0B5591B2BC560AF00B1DD4D /* sample_appTests */ = {
			isa = PBXNativeTarget;
			buildConfigurationList = D0B559332BC560AF00B1DD4D /* Build configuration list for PBXNativeTarget "sample_appTests" */;
			buildPhases = (
				D0B559182BC560AF00B1DD4D /* Sources */,
				D0B559192BC560AF00B1DD4D /* Frameworks */,
				D0B5591A2BC560AF00B1DD4D /* Resources */,
			);
			buildRules = (
			);
			dependencies = (
				D0B5591E2BC560AF00B1DD4D /* PBXTargetDependency */,
			);
			name = sample_appTests;
			productName = sample_appTests;
			productReference = D0B5591C2BC560AF00B1DD4D /* sample_appTests.xctest */;
			productType = "com.apple.product-type.bundle.unit-test";
		};
		D0B559252BC560AF00B1DD4D /* sample_appUITests */ = {
			isa = PBXNativeTarget;
			buildConfigurationList = D0B559362BC560AF00B1DD4D /* Build configuration list for PBXNativeTarget "sample_appUITests" */;
			buildPhases = (
				D0B559222BC560AF00B1DD4D /* Sources */,
				D0B559232BC560AF00B1DD4D /* Frameworks */,
				D0B559242BC560AF00B1DD4D /* Resources */,
			);
			buildRules = (
			);
			dependencies = (
				D0B559282BC560AF00B1DD4D /* PBXTargetDependency */,
			);
			name = sample_appUITests;
			productName = sample_appUITests;
			productReference = D0B559262BC560AF00B1DD4D /* sample_appUITests.xctest */;
			productType = "com.apple.product-type.bundle.ui-testing";
		};
/* End PBXNativeTarget section */

/* Begin PBXProject section */
		D0B559042BC560AE00B1DD4D /* Project object */ = {
			isa = PBXProject;
			attributes = {
				BuildIndependentTargetsInParallel = 1;
				LastSwiftUpdateCheck = 1530;
				LastUpgradeCheck = 1530;
				TargetAttributes = {
					D0B5590B2BC560AE00B1DD4D = {
						CreatedOnToolsVersion = 15.3;
					};
					D0B5591B2BC560AF00B1DD4D = {
						CreatedOnToolsVersion = 15.3;
						TestTargetID = D0B5590B2BC560AE00B1DD4D;
					};
					D0B559252BC560AF00B1DD4D = {
						CreatedOnToolsVersion = 15.3;
						TestTargetID = D0B5590B2BC560AE00B1DD4D;
					};
				};
			};
			buildConfigurationList = D0B559072BC560AE00B1DD4D /* Build configuration list for PBXProject "sample_app" */;
			compatibilityVersion = "Xcode 14.0";
			developmentRegion = en;
			hasScannedForEncodings = 0;
			knownRegions = (
				en,
				Base,
			);
			mainGroup = D0B559032BC560AE00B1DD4D;
			productRefGroup = D0B5590D2BC560AE00B1DD4D /* Products */;
			projectDirPath = "";
			projectRoot = "";
			targets = (
				D0B5590B2BC560AE00B1DD4D /* sample_app */,
				D0B5591B2BC560AF00B1DD4D /* sample_appTests */,
				D0B559252BC560AF00B1DD4D /* sample_appUITests */,
			);
		};
/* End PBXProject section */

/* Begin PBXResourcesBuildPhase section */
		D0B5590A2BC560AE00B1DD4D /* Resources */ = {
			isa = PBXResourcesBuildPhase;
			buildActionMask = 2147483647;
			files = (
				D0B559172BC560AF00B1DD4D /* Preview Assets.xcassets in Resources */,
				D0B559142BC560AF00B1DD4D /* Assets.xcassets in Resources */,
			);
			runOnlyForDeploymentPostprocessing = 0;
		};
		D0B5591A2BC560AF00B1DD4D /* Resources */ = {
			isa = PBXResourcesBuildPhase;
			buildActionMask = 2147483647;
			files = (
			);
			runOnlyForDeploymentPostprocessing = 0;
		};
		D0B559242BC560AF00B1DD4D /* Resources */ = {
			isa = PBXResourcesBuildPhase;
			buildActionMask = 2147483647;
			files = (
			);
			runOnlyForDeploymentPostprocessing = 0;
		};
/* End PBXResourcesBuildPhase section */

/* Begin PBXSourcesBuildPhase section */
		D0B559082BC560AE00B1DD4D /* Sources */ = {
			isa = PBXSourcesBuildPhase;
			buildActionMask = 2147483647;
			files = (
				D0B559122BC560AE00B1DD4D /* ContentView.swift in Sources */,
				D0B559102BC560AE00B1DD4D /* sample_appApp.swift in Sources */,
			);
			runOnlyForDeploymentPostprocessing = 0;
		};
		D0B559182BC560AF00B1DD4D /* Sources */ = {
			isa = PBXSourcesBuildPhase;
			buildActionMask = 2147483647;
			files = (
				D0B559212BC560AF00B1DD4D /* sample_appTests.swift in Sources */,
			);
			runOnlyForDeploymentPostprocessing = 0;
		};
		D0B559222BC560AF00B1DD4D /* Sources */ = {
			isa = PBXSourcesBuildPhase;
			buildActionMask = 2147483647;
			files = (
				D0B5592D2BC560AF00B1DD4D /* sample_appUITestsLaunchTests.swift in Sources */,
				D0B5592B2BC560AF00B1DD4D /* sample_appUITests.swift in Sources */,
			);
			runOnlyForDeploymentPostprocessing = 0;
		};
/* End PBXSourcesBuildPhase section */

/* Begin PBXTargetDependency section */
		D0B5591E2BC560AF00B1DD4D /* PBXTargetDependency */ = {
			isa = PBXTargetDependency;
			target = D0B5590B2BC560AE00B1DD4D /* sample_app */;
			targetProxy = D0B5591D2BC560AF00B1DD4D /* PBXContainerItemProxy */;
		};
		D0B559282BC560AF00B1DD4D /* PBXTargetDependency */ = {
			isa = PBXTargetDependency;
			target = D0B5590B2BC560AE00B1DD4D /* sample_app */;
			targetProxy = D0B559272BC560AF00B1DD4D /* PBXContainerItemProxy */;
		};
/* End PBXTargetDependency section */

/* Begin XCBuildConfiguration section */
		D0B5592E2BC560AF00B1DD4D /* Debug */ = {
			isa = XCBuildConfiguration;
			buildSettings = {
				ALWAYS_SEARCH_USER_PATHS = NO;
				ASSETCATALOG_COMPILER_GENERATE_SWIFT_ASSET_SYMBOL_EXTENSIONS = YES;
				CLANG_ANALYZER_NONNULL = YES;
				CLANG_ANALYZER_NUMBER_OBJECT_CONVERSION = YES_AGGRESSIVE;
				CLANG_CXX_LANGUAGE_STANDARD = "gnu++20";
				CLANG_ENABLE_MODULES = YES;
				CLANG_ENABLE_OBJC_ARC = YES;
				CLANG_ENABLE_OBJC_WEAK = YES;
				CLANG_WARN_BLOCK_CAPTURE_AUTORELEASING = YES;
				CLANG_WARN_BOOL_CONVERSION = YES;
				CLANG_WARN_COMMA = YES;
				CLANG_WARN_CONSTANT_CONVERSION = YES;
				CLANG_WARN_DEPRECATED_OBJC_IMPLEMENTATIONS = YES;
				CLANG_WARN_DIRECT_OBJC_ISA_USAGE = YES_ERROR;
				CLANG_WARN_DOCUMENTATION_COMMENTS = YES;
				CLANG_WARN_EMPTY_BODY = YES;
				CLANG_WARN_ENUM_CONVERSION = YES;
				CLANG_WARN_INFINITE_RECURSION = YES;
				CLANG_WARN_INT_CONVERSION = YES;
				CLANG_WARN_NON_LITERAL_NULL_CONVERSION = YES;
				CLANG_WARN_OBJC_IMPLICIT_RETAIN_SELF = YES;
				CLANG_WARN_OBJC_LITERAL_CONVERSION = YES;
				CLANG_WARN_OBJC_ROOT_CLASS = YES_ERROR;
				CLANG_WARN_QUOTED_INCLUDE_IN_FRAMEWORK_HEADER = YES;
				CLANG_WARN_RANGE_LOOP_ANALYSIS = YES;
				CLANG_WARN_STRICT_PROTOTYPES = YES;
				CLANG_WARN_SUSPICIOUS_MOVE = YES;
				CLANG_WARN_UNGUARDED_AVAILABILITY = YES_AGGRESSIVE;
				CLANG_WARN_UNREACHABLE_CODE = YES;
				CLANG_WARN__DUPLICATE_METHOD_MATCH = YES;
				COPY_PHASE_STRIP = NO;
				DEBUG_INFORMATION_FORMAT = dwarf;
				ENABLE_STRICT_OBJC_MSGSEND = YES;
				ENABLE_TESTABILITY = YES;
				ENABLE_USER_SCRIPT_SANDBOXING = YES;
				GCC_C_LANGUAGE_STANDARD = gnu17;
				GCC_DYNAMIC_NO_PIC = NO;
				GCC_NO_COMMON_BLOCKS = YES;
				GCC_OPTIMIZATION_LEVEL = 0;
				GCC_PREPROCESSOR_DEFINITIONS = (
					"DEBUG=1",
					"$(inherited)",
				);
				GCC_WARN_64_TO_32_BIT_CONVERSION = YES;
				GCC_WARN_ABOUT_RETURN_TYPE = YES_ERROR;
				GCC_WARN_UNDECLARED_SELECTOR = YES;
				GCC_WARN_UNINITIALIZED_AUTOS = YES_AGGRESSIVE;
				GCC_WARN_UNUSED_FUNCTION = YES;
				GCC_WARN_UNUSED_VARIABLE = YES;
				IPHONEOS_DEPLOYMENT_TARGET = 17.4;
				LOCALIZATION_PREFERS_STRING_CATALOGS = YES;
				MTL_ENABLE_DEBUG_INFO = INCLUDE_SOURCE;
				MTL_FAST_MATH = YES;
				ONLY_ACTIVE_ARCH = YES;
				SDKROOT = iphoneos;
				SWIFT_ACTIVE_COMPILATION_CONDITIONS = "DEBUG $(inherited)";
				SWIFT_OPTIMIZATION_LEVEL = "-Onone";
			};
			name = Debug;
		};
		D0B5592F2BC560AF00B1DD4D /* Release */ = {
			isa = XCBuildConfiguration;
			buildSettings = {
				ALWAYS_SEARCH_USER_PATHS = NO;
				ASSETCATALOG_COMPILER_GENERATE_SWIFT_ASSET_SYMBOL_EXTENSIONS = YES;
				CLANG_ANALYZER_NONNULL = YES;
				CLANG_ANALYZER_NUMBER_OBJECT_CONVERSION = YES_AGGRESSIVE;
				CLANG_CXX_LANGUAGE_STANDARD = "gnu++20";
				CLANG_ENABLE_MODULES = YES;
				CLANG_ENABLE_OBJC_ARC = YES;
				CLANG_ENABLE_OBJC_WEAK = YES;
				CLANG_WARN_BLOCK_CAPTURE_AUTORELEASING = YES;
				CLANG_WARN_BOOL_CONVERSION = YES;
				CLANG_WARN_COMMA = YES;
				CLANG_WARN_CONSTANT_CONVERSION = YES;
				CLANG_WARN_DEPRECATED_OBJC_IMPLEMENTATIONS = YES;
				CLANG_WARN_DIRECT_OBJC_ISA_USAGE = YES_ERROR;
				CLANG_WARN_DOCUMENTATION_COMMENTS = YES;
				CLANG_WARN_EMPTY_BODY = YES;
				CLANG_WARN_ENUM_CONVERSION = YES;
				CLANG_WARN_INFINITE_RECURSION = YES;
				CLANG_WARN_INT_CONVERSION = YES;
				CLANG_WARN_NON_LITERAL_NULL_CONVERSION = YES;
				CLANG_WARN_OBJC_IMPLICIT_RETAIN_SELF = YES;
				CLANG_WARN_OBJC_LITERAL_CONVERSION = YES;
				CLANG_WARN_OBJC_ROOT_CLASS = YES_ERROR;
				CLANG_WARN_QUOTED_INCLUDE_IN_FRAMEWORK_HEADER = YES;
				CLANG_WARN_RANGE_LOOP_ANALYSIS = YES;
				CLANG_WARN_STRICT_PROTOTYPES = YES;
				CLANG_WARN_SUSPICIOUS_MOVE = YES;
				CLANG_WARN_UNGUARDED_AVAILABILITY = YES_AGGRESSIVE;
				CLANG_WARN_UNREACHABLE_CODE = YES;
				CLANG_WARN__DUPLICATE_METHOD_MATCH = YES;
				COPY_PHASE_STRIP = NO;
				DEBUG_INFORMATION_FORMAT = "dwarf-with-dsym";
				ENABLE_NS_ASSERTIONS = NO;
				ENABLE_STRICT_OBJC_MSGSEND = YES;
				ENABLE_USER_SCRIPT_SANDBOXING = YES;
				GCC_C_LANGUAGE_STANDARD = gnu17;
				GCC_NO_COMMON_BLOCKS = YES;
				GCC_WARN_64_TO_32_BIT_CONVERSION = YES;
				GCC_WARN_ABOUT_RETURN_TYPE = YES_ERROR;
				GCC_WARN_UNDECLARED_SELECTOR = YES;
				GCC_WARN_UNINITIALIZED_AUTOS = YES_AGGRESSIVE;
				GCC_WARN_UNUSED_FUNCTION = YES;
				GCC_WARN_UNUSED_VARIABLE = YES;
				IPHONEOS_DEPLOYMENT_TARGET = 17.4;
				LOCALIZATION_PREFERS_STRING_CATALOGS = YES;
				MTL_ENABLE_DEBUG_INFO = NO;
				MTL_FAST_MATH = YES;
				SDKROOT = iphoneos;
				SWIFT_COMPILATION_MODE = wholemodule;
				VALIDATE_PRODUCT = YES;
			};
			name = Release;
		};
		D0B559312BC560AF00B1DD4D /* Debug */ = {
			isa = XCBuildConfiguration;
			buildSettings = {
				ASSETCATALOG_COMPILER_APPICON_NAME = AppIcon;
				ASSETCATALOG_COMPILER_GLOBAL_ACCENT_COLOR_NAME = AccentColor;
				CODE_SIGN_STYLE = Automatic;
				CURRENT_PROJECT_VERSION = 1;
				DEVELOPMENT_ASSET_PATHS = "\"sample_app/Preview Content\"";
				ENABLE_PREVIEWS = YES;
				GENERATE_INFOPLIST_FILE = YES;
				INFOPLIST_KEY_UIApplicationSceneManifest_Generation = YES;
				INFOPLIST_KEY_UIApplicationSupportsIndirectInputEvents = YES;
				INFOPLIST_KEY_UILaunchScreen_Generation = YES;
				INFOPLIST_KEY_UISupportedInterfaceOrientations_iPad = "UIInterfaceOrientationPortrait UIInterfaceOrientationPortraitUpsideDown UIInterfaceOrientationLandscapeLeft UIInterfaceOrientationLandscapeRight";
				INFOPLIST_KEY_UISupportedInterfaceOrientations_iPhone = "UIInterfaceOrientationPortrait UIInterfaceOrientationLandscapeLeft UIInterfaceOrientationLandscapeRight";
				LD_RUNPATH_SEARCH_PATHS = (
					"$(inherited)",
					"@executable_path/Frameworks",
				);
				MARKETING_VERSION = 1.0;
				PRODUCT_BUNDLE_IDENTIFIER = "abn.sample-app";
				PRODUCT_NAME = "$(TARGET_NAME)";
				SWIFT_EMIT_LOC_STRINGS = YES;
				SWIFT_VERSION = 5.0;
				TARGETED_DEVICE_FAMILY = "1,2";
			};
			name = Debug;
		};
		D0B559322BC560AF00B1DD4D /* Release */ = {
			isa = XCBuildConfiguration;
			buildSettings = {
				ASSETCATALOG_COMPILER_APPICON_NAME = AppIcon;
				ASSETCATALOG_COMPILER_GLOBAL_ACCENT_COLOR_NAME = AccentColor;
				CODE_SIGN_STYLE = Automatic;
				CURRENT_PROJECT_VERSION = 1;
				DEVELOPMENT_ASSET_PATHS = "\"sample_app/Preview Content\"";
				ENABLE_PREVIEWS = YES;
				GENERATE_INFOPLIST_FILE = YES;
				INFOPLIST_KEY_UIApplicationSceneManifest_Generation = YES;
				INFOPLIST_KEY_UIApplicationSupportsIndirectInputEvents = YES;
				INFOPLIST_KEY_UILaunchScreen_Generation = YES;
				INFOPLIST_KEY_UISupportedInterfaceOrientations_iPad = "UIInterfaceOrientationPortrait UIInterfaceOrientationPortraitUpsideDown UIInterfaceOrientationLandscapeLeft UIInterfaceOrientationLandscapeRight";
				INFOPLIST_KEY_UISupportedInterfaceOrientations_iPhone = "UIInterfaceOrientationPortrait UIInterfaceOrientationLandscapeLeft UIInterfaceOrientationLandscapeRight";
				LD_RUNPATH_SEARCH_PATHS = (
					"$(inherited)",
					"@executable_path/Frameworks",
				);
				MARKETING_VERSION = 1.0;
				PRODUCT_BUNDLE_IDENTIFIER = "abn.sample-app";
				PRODUCT_NAME = "$(TARGET_NAME)";
				SWIFT_EMIT_LOC_STRINGS = YES;
				SWIFT_VERSION = 5.0;
				TARGETED_DEVICE_FAMILY = "1,2";
			};
			name = Release;
		};
		D0B559342BC560AF00B1DD4D /* Debug */ = {
			isa = XCBuildConfiguration;
			buildSettings = {
				ALWAYS_EMBED_SWIFT_STANDARD_LIBRARIES = YES;
				BUNDLE_LOADER = "$(TEST_HOST)";
				CODE_SIGN_STYLE = Automatic;
				CURRENT_PROJECT_VERSION = 1;
				GENERATE_INFOPLIST_FILE = YES;
				IPHONEOS_DEPLOYMENT_TARGET = 17.4;
				MARKETING_VERSION = 1.0;
				PRODUCT_BUNDLE_IDENTIFIER = "abn.sample-appTests";
				PRODUCT_NAME = "$(TARGET_NAME)";
				SWIFT_EMIT_LOC_STRINGS = NO;
				SWIFT_VERSION = 5.0;
				TARGETED_DEVICE_FAMILY = "1,2";
				TEST_HOST = "$(BUILT_PRODUCTS_DIR)/sample_app.app/$(BUNDLE_EXECUTABLE_FOLDER_PATH)/sample_app";
			};
			name = Debug;
		};
		D0B559352BC560AF00B1DD4D /* Release */ = {
			isa = XCBuildConfiguration;
			buildSettings = {
				ALWAYS_EMBED_SWIFT_STANDARD_LIBRARIES = YES;
				BUNDLE_LOADER = "$(TEST_HOST)";
				CODE_SIGN_STYLE = Automatic;
				CURRENT_PROJECT_VERSION = 1;
				GENERATE_INFOPLIST_FILE = YES;
				IPHONEOS_DEPLOYMENT_TARGET = 17.4;
				MARKETING_VERSION = 1.0;
				PRODUCT_BUNDLE_IDENTIFIER = "abn.sample-appTests";
				PRODUCT_NAME = "$(TARGET_NAME)";
				SWIFT_EMIT_LOC_STRINGS = NO;
				SWIFT_VERSION = 5.0;
				TARGETED_DEVICE_FAMILY = "1,2";
				TEST_HOST = "$(BUILT_PRODUCTS_DIR)/sample_app.app/$(BUNDLE_EXECUTABLE_FOLDER_PATH)/sample_app";
			};
			name = Release;
		};
		D0B559372BC560AF00B1DD4D /* Debug */ = {
			isa = XCBuildConfiguration;
			buildSettings = {
				ALWAYS_EMBED_SWIFT_STANDARD_LIBRARIES = YES;
				CODE_SIGN_STYLE = Automatic;
				CURRENT_PROJECT_VERSION = 1;
				GENERATE_INFOPLIST_FILE = YES;
				MARKETING_VERSION = 1.0;
				PRODUCT_BUNDLE_IDENTIFIER = "abn.sample-appUITests";
				PRODUCT_NAME = "$(TARGET_NAME)";
				SWIFT_EMIT_LOC_STRINGS = NO;
				SWIFT_VERSION = 5.0;
				TARGETED_DEVICE_FAMILY = "1,2";
				TEST_TARGET_NAME = sample_app;
			};
			name = Debug;
		};
		D0B559382BC560AF00B1DD4D /* Release */ = {
			isa = XCBuildConfiguration;
			buildSettings = {
				ALWAYS_EMBED_SWIFT_STANDARD_LIBRARIES = YES;
				CODE_SIGN_STYLE = Automatic;
				CURRENT_PROJECT_VERSION = 1;
				GENERATE_INFOPLIST_FILE = YES;
				MARKETING_VERSION = 1.0;
				PRODUCT_BUNDLE_IDENTIFIER = "abn.sample-appUITests";
				PRODUCT_NAME = "$(TARGET_NAME)";
				SWIFT_EMIT_LOC_STRINGS = NO;
				SWIFT_VERSION = 5.0;
				TARGETED_DEVICE_FAMILY = "1,2";
				TEST_TARGET_NAME = sample_app;
			};
			name = Release;
		};
/* End XCBuildConfiguration section */

/* Begin XCConfigurationList section */
		D0B559072BC560AE00B1DD4D /* Build configuration list for PBXProject "sample_app" */ = {
			isa = XCConfigurationList;
			buildConfigurations = (
				D0B5592E2BC560AF00B1DD4D /* Debug */,
				D0B5592F2BC560AF00B1DD4D /* Release */,
			);
			defaultConfigurationIsVisible = 0;
			defaultConfigurationName = Release;
		};
		D0B559302BC560AF00B1DD4D /* Build configuration list for PBXNativeTarget "sample_app" */ = {
			isa = XCConfigurationList;
			buildConfigurations = (
				D0B559312BC560AF00B1DD4D /* Debug */,
				D0B559322BC560AF00B1DD4D /* Release */,
			);
			defaultConfigurationIsVisible = 0;
			defaultConfigurationName = Release;
		};
		D0B559332BC560AF00B1DD4D /* Build configuration list for PBXNativeTarget "sample_appTests" */ = {
			isa = XCConfigurationList;
			buildConfigurations = (
				D0B559342BC560AF00B1DD4D /* Debug */,
				D0B559352BC560AF00B1DD4D /* Release */,
			);
			defaultConfigurationIsVisible = 0;
			defaultConfigurationName = Release;
		};
		D0B559362BC560AF00B1DD4D /* Build configuration list for PBXNativeTarget "sample_appUITests" */ = {
			isa = XCConfigurationList;
			buildConfigurations = (
				D0B559372BC560AF00B1DD4D /* Debug */,
				D0B559382BC560AF00B1DD4D /* Release */,
			);
			defaultConfigurationIsVisible = 0;
			defaultConfigurationName = Release;
		};
/* End XCConfigurationList section */
	};
	rootObject = D0B559042BC560AE00B1DD4D /* Project object */;
}
